
Microsoft Visual Studio Solution File, Format Version 12.00
# Visual Studio Version 16
VisualStudioVersion = 16.0.31005.135
MinimumVisualStudioVersion = 10.0.40219.1
Project("{FAE04EC0-301F-11D3-BF4B-00C04F79EFBC}") = "1ére_application_web_ASP.NET-CORE", "1ére_application_web_ASP.NET-CORE\1ére_application_web_ASP.NET-CORE.csproj", "{D9DB46DA-6DE9-4364-85DC-FD2D20651BD8}"
EndProject
Global
	GlobalSection(SolutionConfigurationPlatforms) = preSolution
		Debug|Any CPU = Debug|Any CPU
		Release|Any CPU = Release|Any CPU
	EndGlobalSection
	GlobalSection(ProjectConfigurationPlatforms) = postSolution
		{D9DB46DA-6DE9-4364-85DC-FD2D20651BD8}.Debug|Any CPU.ActiveCfg = Debug|Any CPU
		{D9DB46DA-6DE9-4364-85DC-FD2D20651BD8}.Debug|Any CPU.Build.0 = Debug|Any CPU
		{D9DB46DA-6DE9-4364-85DC-FD2D20651BD8}.Release|Any CPU.ActiveCfg = Release|Any CPU
		{D9DB46DA-6DE9-4364-85DC-FD2D20651BD8}.Release|Any CPU.Build.0 = Release|Any CPU
	EndGlobalSection
	GlobalSection(SolutionProperties) = preSolution
		HideSolutionNode = FALSE
	EndGlobalSection
	GlobalSection(ExtensibilityGlobals) = postSolution
		SolutionGuid = {DA688CB4-CDCF-4F7E-9317-81BC65A36C9D}
	EndGlobalSection
EndGlobal
